
Microsoft Visual Studio Solution File, Format Version 12.00
# Visual Studio Version 16
VisualStudioVersion = 16.0.29424.173
MinimumVisualStudioVersion = 10.0.40219.1
Project("{FAE04EC0-301F-11D3-BF4B-00C04F79EFBC}") = "MusicStoreKeeper", "MusicStoreKeeper\MusicStoreKeeper.csproj", "{F56C6F41-0EEC-4B4B-97C2-CAE078B62810}"
EndProject
Project("{FAE04EC0-301F-11D3-BF4B-00C04F79EFBC}") = "AppConfiguration", "AppConfiguration\AppConfiguration.csproj", "{EB28F6AC-77B8-4056-B600-DDE9632936EC}"
EndProject
Project("{FAE04EC0-301F-11D3-BF4B-00C04F79EFBC}") = "MusicStoreKeeper.Model", "Model\MusicStoreKeeper.Model.csproj", "{5E330B60-BB17-440C-ACAA-182483A0418E}"
EndProject
Project("{FAE04EC0-301F-11D3-BF4B-00C04F79EFBC}") = "MusicStoreKeeper.Vmv", "Vmv\MusicStoreKeeper.Vmv.csproj", "{E3C1E8B7-A27C-484D-A3AB-79A873153855}"
EndProject
Project("{FAE04EC0-301F-11D3-BF4B-00C04F79EFBC}") = "ResourceLibrary", "ResourceLibrary\ResourceLibrary.csproj", "{C1524334-3A27-4015-B74F-AD3C54D45FEE}"
EndProject
Project("{FAE04EC0-301F-11D3-BF4B-00C04F79EFBC}") = "FileManager", "FileManager\FileManager.csproj", "{5093C2E8-99FA-451C-9779-3E9FEE29884D}"
EndProject
Project("{FAE04EC0-301F-11D3-BF4B-00C04F79EFBC}") = "FileManager.Tests", "FileManager.Tests\FileManager.Tests.csproj", "{1FF3CE77-CFDA-46B5-BE73-714CC1FA95B9}"
EndProject
Project("{FAE04EC0-301F-11D3-BF4B-00C04F79EFBC}") = "Common", "Common\Common.csproj", "{C30DDD5F-51A2-46E8-B146-9635A82EFF54}"
EndProject
Project("{FAE04EC0-301F-11D3-BF4B-00C04F79EFBC}") = "FileAnalyzer", "FileAnalyzer\FileAnalyzer.csproj", "{A9CEB6CB-425C-43F4-BCDC-9AEB463AFAEA}"
EndProject
Project("{FAE04EC0-301F-11D3-BF4B-00C04F79EFBC}") = "Discogs", "Discogs\Discogs.csproj", "{793820CF-90E6-475A-BDE4-495F3B79208A}"
EndProject
Project("{FAE04EC0-301F-11D3-BF4B-00C04F79EFBC}") = "Discogs.Tests", "Discogs.Tests\Discogs.Tests.csproj", "{8DCC673E-0941-477B-8E94-C9E0CD2C7694}"
EndProject
Project("{FAE04EC0-301F-11D3-BF4B-00C04F79EFBC}") = "MusicStoreKeeper.DataModel", "DataModel\MusicStoreKeeper.DataModel.csproj", "{845C7161-8E1F-4118-BA19-9D18F0B08402}"
EndProject
Project("{FAE04EC0-301F-11D3-BF4B-00C04F79EFBC}") = "FileAnalyzer.Tests", "FileAnalyzer.Tests\FileAnalyzer.Tests.csproj", "{C69E7ACA-A886-4558-93E1-84F508DF8A4B}"
EndProject
Project("{FAE04EC0-301F-11D3-BF4B-00C04F79EFBC}") = "MusicStoreKeeper.CollectionManager", "MusicStoreKeeper.CollectionManager\MusicStoreKeeper.CollectionManager.csproj", "{0ADBC15E-3CBA-411C-804C-E8FE44E50811}"
EndProject
Global
	GlobalSection(SolutionConfigurationPlatforms) = preSolution
		Debug|Any CPU = Debug|Any CPU
		Debug|x86 = Debug|x86
		Release|Any CPU = Release|Any CPU
		Release|x86 = Release|x86
	EndGlobalSection
	GlobalSection(ProjectConfigurationPlatforms) = postSolution
		{F56C6F41-0EEC-4B4B-97C2-CAE078B62810}.Debug|Any CPU.ActiveCfg = Debug|Any CPU
		{F56C6F41-0EEC-4B4B-97C2-CAE078B62810}.Debug|Any CPU.Build.0 = Debug|Any CPU
		{F56C6F41-0EEC-4B4B-97C2-CAE078B62810}.Debug|x86.ActiveCfg = Debug|x86
		{F56C6F41-0EEC-4B4B-97C2-CAE078B62810}.Debug|x86.Build.0 = Debug|x86
		{F56C6F41-0EEC-4B4B-97C2-CAE078B62810}.Release|Any CPU.ActiveCfg = Release|Any CPU
		{F56C6F41-0EEC-4B4B-97C2-CAE078B62810}.Release|Any CPU.Build.0 = Release|Any CPU
		{F56C6F41-0EEC-4B4B-97C2-CAE078B62810}.Release|x86.ActiveCfg = Release|Any CPU
		{F56C6F41-0EEC-4B4B-97C2-CAE078B62810}.Release|x86.Build.0 = Release|Any CPU
		{EB28F6AC-77B8-4056-B600-DDE9632936EC}.Debug|Any CPU.ActiveCfg = Debug|Any CPU
		{EB28F6AC-77B8-4056-B600-DDE9632936EC}.Debug|Any CPU.Build.0 = Debug|Any CPU
		{EB28F6AC-77B8-4056-B600-DDE9632936EC}.Debug|x86.ActiveCfg = Debug|x86
		{EB28F6AC-77B8-4056-B600-DDE9632936EC}.Debug|x86.Build.0 = Debug|x86
		{EB28F6AC-77B8-4056-B600-DDE9632936EC}.Release|Any CPU.ActiveCfg = Release|Any CPU
		{EB28F6AC-77B8-4056-B600-DDE9632936EC}.Release|Any CPU.Build.0 = Release|Any CPU
		{EB28F6AC-77B8-4056-B600-DDE9632936EC}.Release|x86.ActiveCfg = Release|Any CPU
		{EB28F6AC-77B8-4056-B600-DDE9632936EC}.Release|x86.Build.0 = Release|Any CPU
		{5E330B60-BB17-440C-ACAA-182483A0418E}.Debug|Any CPU.ActiveCfg = Debug|Any CPU
		{5E330B60-BB17-440C-ACAA-182483A0418E}.Debug|Any CPU.Build.0 = Debug|Any CPU
		{5E330B60-BB17-440C-ACAA-182483A0418E}.Debug|x86.ActiveCfg = Debug|x86
		{5E330B60-BB17-440C-ACAA-182483A0418E}.Debug|x86.Build.0 = Debug|x86
		{5E330B60-BB17-440C-ACAA-182483A0418E}.Release|Any CPU.ActiveCfg = Release|Any CPU
		{5E330B60-BB17-440C-ACAA-182483A0418E}.Release|Any CPU.Build.0 = Release|Any CPU
		{5E330B60-BB17-440C-ACAA-182483A0418E}.Release|x86.ActiveCfg = Release|Any CPU
		{5E330B60-BB17-440C-ACAA-182483A0418E}.Release|x86.Build.0 = Release|Any CPU
		{E3C1E8B7-A27C-484D-A3AB-79A873153855}.Debug|Any CPU.ActiveCfg = Debug|Any CPU
		{E3C1E8B7-A27C-484D-A3AB-79A873153855}.Debug|Any CPU.Build.0 = Debug|Any CPU
		{E3C1E8B7-A27C-484D-A3AB-79A873153855}.Debug|x86.ActiveCfg = Debug|x86
		{E3C1E8B7-A27C-484D-A3AB-79A873153855}.Debug|x86.Build.0 = Debug|x86
		{E3C1E8B7-A27C-484D-A3AB-79A873153855}.Release|Any CPU.ActiveCfg = Release|Any CPU
		{E3C1E8B7-A27C-484D-A3AB-79A873153855}.Release|Any CPU.Build.0 = Release|Any CPU
		{E3C1E8B7-A27C-484D-A3AB-79A873153855}.Release|x86.ActiveCfg = Release|Any CPU
		{E3C1E8B7-A27C-484D-A3AB-79A873153855}.Release|x86.Build.0 = Release|Any CPU
		{C1524334-3A27-4015-B74F-AD3C54D45FEE}.Debug|Any CPU.ActiveCfg = Debug|Any CPU
		{C1524334-3A27-4015-B74F-AD3C54D45FEE}.Debug|Any CPU.Build.0 = Debug|Any CPU
		{C1524334-3A27-4015-B74F-AD3C54D45FEE}.Debug|x86.ActiveCfg = Debug|x86
		{C1524334-3A27-4015-B74F-AD3C54D45FEE}.Debug|x86.Build.0 = Debug|x86
		{C1524334-3A27-4015-B74F-AD3C54D45FEE}.Release|Any CPU.ActiveCfg = Release|Any CPU
		{C1524334-3A27-4015-B74F-AD3C54D45FEE}.Release|Any CPU.Build.0 = Release|Any CPU
		{C1524334-3A27-4015-B74F-AD3C54D45FEE}.Release|x86.ActiveCfg = Release|Any CPU
		{C1524334-3A27-4015-B74F-AD3C54D45FEE}.Release|x86.Build.0 = Release|Any CPU
		{5093C2E8-99FA-451C-9779-3E9FEE29884D}.Debug|Any CPU.ActiveCfg = Debug|Any CPU
		{5093C2E8-99FA-451C-9779-3E9FEE29884D}.Debug|Any CPU.Build.0 = Debug|Any CPU
		{5093C2E8-99FA-451C-9779-3E9FEE29884D}.Debug|x86.ActiveCfg = Debug|Any CPU
		{5093C2E8-99FA-451C-9779-3E9FEE29884D}.Debug|x86.Build.0 = Debug|Any CPU
		{5093C2E8-99FA-451C-9779-3E9FEE29884D}.Release|Any CPU.ActiveCfg = Release|Any CPU
		{5093C2E8-99FA-451C-9779-3E9FEE29884D}.Release|Any CPU.Build.0 = Release|Any CPU
		{5093C2E8-99FA-451C-9779-3E9FEE29884D}.Release|x86.ActiveCfg = Release|Any CPU
		{5093C2E8-99FA-451C-9779-3E9FEE29884D}.Release|x86.Build.0 = Release|Any CPU
		{1FF3CE77-CFDA-46B5-BE73-714CC1FA95B9}.Debug|Any CPU.ActiveCfg = Debug|Any CPU
		{1FF3CE77-CFDA-46B5-BE73-714CC1FA95B9}.Debug|Any CPU.Build.0 = Debug|Any CPU
		{1FF3CE77-CFDA-46B5-BE73-714CC1FA95B9}.Debug|x86.ActiveCfg = Debug|Any CPU
		{1FF3CE77-CFDA-46B5-BE73-714CC1FA95B9}.Debug|x86.Build.0 = Debug|Any CPU
		{1FF3CE77-CFDA-46B5-BE73-714CC1FA95B9}.Release|Any CPU.ActiveCfg = Release|Any CPU
		{1FF3CE77-CFDA-46B5-BE73-714CC1FA95B9}.Release|Any CPU.Build.0 = Release|Any CPU
		{1FF3CE77-CFDA-46B5-BE73-714CC1FA95B9}.Release|x86.ActiveCfg = Release|Any CPU
		{1FF3CE77-CFDA-46B5-BE73-714CC1FA95B9}.Release|x86.Build.0 = Release|Any CPU
		{C30DDD5F-51A2-46E8-B146-9635A82EFF54}.Debug|Any CPU.ActiveCfg = Debug|Any CPU
		{C30DDD5F-51A2-46E8-B146-9635A82EFF54}.Debug|Any CPU.Build.0 = Debug|Any CPU
		{C30DDD5F-51A2-46E8-B146-9635A82EFF54}.Debug|x86.ActiveCfg = Debug|Any CPU
		{C30DDD5F-51A2-46E8-B146-9635A82EFF54}.Debug|x86.Build.0 = Debug|Any CPU
		{C30DDD5F-51A2-46E8-B146-9635A82EFF54}.Release|Any CPU.ActiveCfg = Release|Any CPU
		{C30DDD5F-51A2-46E8-B146-9635A82EFF54}.Release|Any CPU.Build.0 = Release|Any CPU
		{C30DDD5F-51A2-46E8-B146-9635A82EFF54}.Release|x86.ActiveCfg = Release|Any CPU
		{C30DDD5F-51A2-46E8-B146-9635A82EFF54}.Release|x86.Build.0 = Release|Any CPU
		{A9CEB6CB-425C-43F4-BCDC-9AEB463AFAEA}.Debug|Any CPU.ActiveCfg = Debug|Any CPU
		{A9CEB6CB-425C-43F4-BCDC-9AEB463AFAEA}.Debug|Any CPU.Build.0 = Debug|Any CPU
		{A9CEB6CB-425C-43F4-BCDC-9AEB463AFAEA}.Debug|x86.ActiveCfg = Debug|Any CPU
		{A9CEB6CB-425C-43F4-BCDC-9AEB463AFAEA}.Debug|x86.Build.0 = Debug|Any CPU
		{A9CEB6CB-425C-43F4-BCDC-9AEB463AFAEA}.Release|Any CPU.ActiveCfg = Release|Any CPU
		{A9CEB6CB-425C-43F4-BCDC-9AEB463AFAEA}.Release|Any CPU.Build.0 = Release|Any CPU
		{A9CEB6CB-425C-43F4-BCDC-9AEB463AFAEA}.Release|x86.ActiveCfg = Release|Any CPU
		{A9CEB6CB-425C-43F4-BCDC-9AEB463AFAEA}.Release|x86.Build.0 = Release|Any CPU
		{793820CF-90E6-475A-BDE4-495F3B79208A}.Debug|Any CPU.ActiveCfg = Debug|Any CPU
		{793820CF-90E6-475A-BDE4-495F3B79208A}.Debug|Any CPU.Build.0 = Debug|Any CPU
		{793820CF-90E6-475A-BDE4-495F3B79208A}.Debug|x86.ActiveCfg = Debug|Any CPU
		{793820CF-90E6-475A-BDE4-495F3B79208A}.Debug|x86.Build.0 = Debug|Any CPU
		{793820CF-90E6-475A-BDE4-495F3B79208A}.Release|Any CPU.ActiveCfg = Release|Any CPU
		{793820CF-90E6-475A-BDE4-495F3B79208A}.Release|Any CPU.Build.0 = Release|Any CPU
		{793820CF-90E6-475A-BDE4-495F3B79208A}.Release|x86.ActiveCfg = Release|Any CPU
		{793820CF-90E6-475A-BDE4-495F3B79208A}.Release|x86.Build.0 = Release|Any CPU
		{8DCC673E-0941-477B-8E94-C9E0CD2C7694}.Debug|Any CPU.ActiveCfg = Debug|Any CPU
		{8DCC673E-0941-477B-8E94-C9E0CD2C7694}.Debug|Any CPU.Build.0 = Debug|Any CPU
		{8DCC673E-0941-477B-8E94-C9E0CD2C7694}.Debug|x86.ActiveCfg = Debug|Any CPU
		{8DCC673E-0941-477B-8E94-C9E0CD2C7694}.Debug|x86.Build.0 = Debug|Any CPU
		{8DCC673E-0941-477B-8E94-C9E0CD2C7694}.Release|Any CPU.ActiveCfg = Release|Any CPU
		{8DCC673E-0941-477B-8E94-C9E0CD2C7694}.Release|Any CPU.Build.0 = Release|Any CPU
		{8DCC673E-0941-477B-8E94-C9E0CD2C7694}.Release|x86.ActiveCfg = Release|Any CPU
		{8DCC673E-0941-477B-8E94-C9E0CD2C7694}.Release|x86.Build.0 = Release|Any CPU
		{845C7161-8E1F-4118-BA19-9D18F0B08402}.Debug|Any CPU.ActiveCfg = Debug|Any CPU
		{845C7161-8E1F-4118-BA19-9D18F0B08402}.Debug|Any CPU.Build.0 = Debug|Any CPU
		{845C7161-8E1F-4118-BA19-9D18F0B08402}.Debug|x86.ActiveCfg = Debug|Any CPU
		{845C7161-8E1F-4118-BA19-9D18F0B08402}.Debug|x86.Build.0 = Debug|Any CPU
		{845C7161-8E1F-4118-BA19-9D18F0B08402}.Release|Any CPU.ActiveCfg = Release|Any CPU
		{845C7161-8E1F-4118-BA19-9D18F0B08402}.Release|Any CPU.Build.0 = Release|Any CPU
		{845C7161-8E1F-4118-BA19-9D18F0B08402}.Release|x86.ActiveCfg = Release|Any CPU
		{845C7161-8E1F-4118-BA19-9D18F0B08402}.Release|x86.Build.0 = Release|Any CPU
		{C69E7ACA-A886-4558-93E1-84F508DF8A4B}.Debug|Any CPU.ActiveCfg = Debug|Any CPU
		{C69E7ACA-A886-4558-93E1-84F508DF8A4B}.Debug|Any CPU.Build.0 = Debug|Any CPU
		{C69E7ACA-A886-4558-93E1-84F508DF8A4B}.Debug|x86.ActiveCfg = Debug|Any CPU
		{C69E7ACA-A886-4558-93E1-84F508DF8A4B}.Debug|x86.Build.0 = Debug|Any CPU
		{C69E7ACA-A886-4558-93E1-84F508DF8A4B}.Release|Any CPU.ActiveCfg = Release|Any CPU
		{C69E7ACA-A886-4558-93E1-84F508DF8A4B}.Release|Any CPU.Build.0 = Release|Any CPU
		{C69E7ACA-A886-4558-93E1-84F508DF8A4B}.Release|x86.ActiveCfg = Release|Any CPU
		{C69E7ACA-A886-4558-93E1-84F508DF8A4B}.Release|x86.Build.0 = Release|Any CPU
		{0ADBC15E-3CBA-411C-804C-E8FE44E50811}.Debug|Any CPU.ActiveCfg = Debug|Any CPU
		{0ADBC15E-3CBA-411C-804C-E8FE44E50811}.Debug|Any CPU.Build.0 = Debug|Any CPU
		{0ADBC15E-3CBA-411C-804C-E8FE44E50811}.Debug|x86.ActiveCfg = Debug|Any CPU
		{0ADBC15E-3CBA-411C-804C-E8FE44E50811}.Debug|x86.Build.0 = Debug|Any CPU
		{0ADBC15E-3CBA-411C-804C-E8FE44E50811}.Release|Any CPU.ActiveCfg = Release|Any CPU
		{0ADBC15E-3CBA-411C-804C-E8FE44E50811}.Release|Any CPU.Build.0 = Release|Any CPU
		{0ADBC15E-3CBA-411C-804C-E8FE44E50811}.Release|x86.ActiveCfg = Release|Any CPU
		{0ADBC15E-3CBA-411C-804C-E8FE44E50811}.Release|x86.Build.0 = Release|Any CPU
	EndGlobalSection
	GlobalSection(SolutionProperties) = preSolution
		HideSolutionNode = FALSE
	EndGlobalSection
	GlobalSection(ExtensibilityGlobals) = postSolution
		SolutionGuid = {43B9EE37-70B0-4AC0-AC12-3877E1A9CCB2}
	EndGlobalSection
EndGlobal
